
Microsoft Visual Studio Solution File, Format Version 12.00
# Visual Studio Version 16
VisualStudioVersion = 16.0.31702.278
MinimumVisualStudioVersion = 10.0.40219.1
Project("{FAE04EC0-301F-11D3-BF4B-00C04F79EFBC}") = "Home-4-U-Improvement", "Home-4-U-Improvement\Home-4-U-Improvement.csproj", "{4952D373-F48C-4B7C-AFCF-34B41F4CB135}"
EndProject
Global
	GlobalSection(SolutionConfigurationPlatforms) = preSolution
		Debug|Any CPU = Debug|Any CPU
		Release|Any CPU = Release|Any CPU
	EndGlobalSection
	GlobalSection(ProjectConfigurationPlatforms) = postSolution
		{4952D373-F48C-4B7C-AFCF-34B41F4CB135}.Debug|Any CPU.ActiveCfg = Debug|Any CPU
		{4952D373-F48C-4B7C-AFCF-34B41F4CB135}.Debug|Any CPU.Build.0 = Debug|Any CPU
		{4952D373-F48C-4B7C-AFCF-34B41F4CB135}.Release|Any CPU.ActiveCfg = Release|Any CPU
		{4952D373-F48C-4B7C-AFCF-34B41F4CB135}.Release|Any CPU.Build.0 = Release|Any CPU
	EndGlobalSection
	GlobalSection(SolutionProperties) = preSolution
		HideSolutionNode = FALSE
	EndGlobalSection
	GlobalSection(ExtensibilityGlobals) = postSolution
		SolutionGuid = {1B54FF30-BDA3-44D5-8DBC-DA326110A1F4}
	EndGlobalSection
EndGlobal
