
Microsoft Visual Studio Solution File, Format Version 12.00
# Visual Studio Version 16
VisualStudioVersion = 16.0.31702.278
MinimumVisualStudioVersion = 10.0.40219.1
Project("{FAE04EC0-301F-11D3-BF4B-00C04F79EFBC}") = "LivingAccomodations", "LivingAccomodations\LivingAccomodations.csproj", "{C349E6E1-F972-427F-9866-709B7C3CE8F6}"
EndProject
Global
	GlobalSection(SolutionConfigurationPlatforms) = preSolution
		Debug|Any CPU = Debug|Any CPU
		Release|Any CPU = Release|Any CPU
	EndGlobalSection
	GlobalSection(ProjectConfigurationPlatforms) = postSolution
		{C349E6E1-F972-427F-9866-709B7C3CE8F6}.Debug|Any CPU.ActiveCfg = Debug|Any CPU
		{C349E6E1-F972-427F-9866-709B7C3CE8F6}.Debug|Any CPU.Build.0 = Debug|Any CPU
		{C349E6E1-F972-427F-9866-709B7C3CE8F6}.Release|Any CPU.ActiveCfg = Release|Any CPU
		{C349E6E1-F972-427F-9866-709B7C3CE8F6}.Release|Any CPU.Build.0 = Release|Any CPU
	EndGlobalSection
	GlobalSection(SolutionProperties) = preSolution
		HideSolutionNode = FALSE
	EndGlobalSection
	GlobalSection(ExtensibilityGlobals) = postSolution
		SolutionGuid = {B0A85A42-82A8-4F2C-A362-CE41BB5EED62}
	EndGlobalSection
EndGlobal
